
Microsoft Visual Studio Solution File, Format Version 12.00
# Visual Studio 2015
Project("{FAE04EC0-301F-11D3-BF4B-00C04F79EFBC}") = "vusic.Plugins", "vusic.Plugins.csproj", "{1FB6BF13-1DE1-ABAA-12BC-084052B7ED61}"
EndProject
Project("{FAE04EC0-301F-11D3-BF4B-00C04F79EFBC}") = "vusic", "vusic.csproj", "{476BAC4A-951F-52AF-D650-CAF7557570E7}"
EndProject
Project("{FAE04EC0-301F-11D3-BF4B-00C04F79EFBC}") = "vusic.Editor", "vusic.Editor.csproj", "{A5BAC519-7EFA-6B27-4B30-61B16713D675}"
EndProject
Global
	GlobalSection(SolutionConfigurationPlatforms) = preSolution
		Debug|Any CPU = Debug|Any CPU
		Release|Any CPU = Release|Any CPU
	EndGlobalSection
	GlobalSection(ProjectConfigurationPlatforms) = postSolution
		{1FB6BF13-1DE1-ABAA-12BC-084052B7ED61}.Debug|Any CPU.ActiveCfg = Debug|Any CPU
		{1FB6BF13-1DE1-ABAA-12BC-084052B7ED61}.Debug|Any CPU.Build.0 = Debug|Any CPU
		{1FB6BF13-1DE1-ABAA-12BC-084052B7ED61}.Release|Any CPU.ActiveCfg = Release|Any CPU
		{1FB6BF13-1DE1-ABAA-12BC-084052B7ED61}.Release|Any CPU.Build.0 = Release|Any CPU
		{476BAC4A-951F-52AF-D650-CAF7557570E7}.Debug|Any CPU.ActiveCfg = Debug|Any CPU
		{476BAC4A-951F-52AF-D650-CAF7557570E7}.Debug|Any CPU.Build.0 = Debug|Any CPU
		{476BAC4A-951F-52AF-D650-CAF7557570E7}.Release|Any CPU.ActiveCfg = Release|Any CPU
		{476BAC4A-951F-52AF-D650-CAF7557570E7}.Release|Any CPU.Build.0 = Release|Any CPU
		{A5BAC519-7EFA-6B27-4B30-61B16713D675}.Debug|Any CPU.ActiveCfg = Debug|Any CPU
		{A5BAC519-7EFA-6B27-4B30-61B16713D675}.Debug|Any CPU.Build.0 = Debug|Any CPU
		{A5BAC519-7EFA-6B27-4B30-61B16713D675}.Release|Any CPU.ActiveCfg = Release|Any CPU
		{A5BAC519-7EFA-6B27-4B30-61B16713D675}.Release|Any CPU.Build.0 = Release|Any CPU
	EndGlobalSection
	GlobalSection(SolutionProperties) = preSolution
		HideSolutionNode = FALSE
	EndGlobalSection
EndGlobal
