Microsoft Visual Studio Solution File, Format Version 11.00
# Visual Studio 2008

Project("{98ECE775-CEBD-8249-CB90-AC9E0C3A4776}") = "wandMusik", "Assembly-CSharp-firstpass-vs.csproj", "{3B079DAA-17C6-7854-FBC8-140FA9B544C1}"
EndProject
Project("{98ECE775-CEBD-8249-CB90-AC9E0C3A4776}") = "wandMusik", "Assembly-CSharp-vs.csproj", "{2DD76844-E5A0-4E0B-9B8C-D0F94E49680D}"
EndProject
Project("{98ECE775-CEBD-8249-CB90-AC9E0C3A4776}") = "wandMusik", "Assembly-CSharp-Editor-vs.csproj", "{42F90375-6F0B-4949-CEE5-70CB86476E84}"
EndProject
Global
	GlobalSection(SolutionConfigurationPlatforms) = preSolution
		Debug|Any CPU = Debug|Any CPU
		Release|Any CPU = Release|Any CPU
	EndGlobalSection
	GlobalSection(ProjectConfigurationPlatforms) = postSolution
		{3B079DAA-17C6-7854-FBC8-140FA9B544C1}.Debug|Any CPU.ActiveCfg = Debug|Any CPU
		{3B079DAA-17C6-7854-FBC8-140FA9B544C1}.Debug|Any CPU.Build.0 = Debug|Any CPU
		{3B079DAA-17C6-7854-FBC8-140FA9B544C1}.Release|Any CPU.ActiveCfg = Release|Any CPU
		{3B079DAA-17C6-7854-FBC8-140FA9B544C1}.Release|Any CPU.Build.0 = Release|Any CPU
		{2DD76844-E5A0-4E0B-9B8C-D0F94E49680D}.Debug|Any CPU.ActiveCfg = Debug|Any CPU
		{2DD76844-E5A0-4E0B-9B8C-D0F94E49680D}.Debug|Any CPU.Build.0 = Debug|Any CPU
		{2DD76844-E5A0-4E0B-9B8C-D0F94E49680D}.Release|Any CPU.ActiveCfg = Release|Any CPU
		{2DD76844-E5A0-4E0B-9B8C-D0F94E49680D}.Release|Any CPU.Build.0 = Release|Any CPU
		{42F90375-6F0B-4949-CEE5-70CB86476E84}.Debug|Any CPU.ActiveCfg = Debug|Any CPU
		{42F90375-6F0B-4949-CEE5-70CB86476E84}.Debug|Any CPU.Build.0 = Debug|Any CPU
		{42F90375-6F0B-4949-CEE5-70CB86476E84}.Release|Any CPU.ActiveCfg = Release|Any CPU
		{42F90375-6F0B-4949-CEE5-70CB86476E84}.Release|Any CPU.Build.0 = Release|Any CPU
	EndGlobalSection
	GlobalSection(SolutionProperties) = preSolution
		HideSolutionNode = FALSE
	EndGlobalSection
						GlobalSection(MonoDevelopProperties) = preSolution
		StartupItem = Assembly-CSharp.csproj
		Policies = $0
		$0.TextStylePolicy = $1
		$1.inheritsSet = null
		$1.scope = text/x-csharp
		$0.CSharpFormattingPolicy = $2
		$2.inheritsSet = Mono
		$2.inheritsScope = text/x-csharp
		$2.scope = text/x-csharp
		$0.TextStylePolicy = $3
		$3.FileWidth = 120
		$3.TabWidth = 4
		$3.IndentWidth = 4
		$3.EolMarker = Unix
		$3.inheritsSet = Mono
		$3.inheritsScope = text/plain
		$3.scope = text/plain
	EndGlobalSection

EndGlobal
