
Microsoft Visual Studio Solution File, Format Version 12.00
# Visual Studio 2015
Project("{FAE04EC0-301F-11D3-BF4B-00C04F79EFBC}") = "wandMusik.CSharp.Plugins", "wandMusik.CSharp.Plugins.csproj", "{8C18025B-96B9-E06B-75B1-68EF04BAA358}"
EndProject
Project("{FAE04EC0-301F-11D3-BF4B-00C04F79EFBC}") = "wandMusik.CSharp", "wandMusik.CSharp.csproj", "{2F6B3D3F-F553-4813-B403-98AC46001C48}"
EndProject
Project("{FAE04EC0-301F-11D3-BF4B-00C04F79EFBC}") = "wandMusik.CSharp.Editor", "wandMusik.CSharp.Editor.csproj", "{9F6FE499-1562-E26D-7B6C-3055AF858611}"
EndProject
Global
	GlobalSection(SolutionConfigurationPlatforms) = preSolution
		Debug|Any CPU = Debug|Any CPU
		Release|Any CPU = Release|Any CPU
	EndGlobalSection
	GlobalSection(ProjectConfigurationPlatforms) = postSolution
		{8C18025B-96B9-E06B-75B1-68EF04BAA358}.Debug|Any CPU.ActiveCfg = Debug|Any CPU
		{8C18025B-96B9-E06B-75B1-68EF04BAA358}.Debug|Any CPU.Build.0 = Debug|Any CPU
		{8C18025B-96B9-E06B-75B1-68EF04BAA358}.Release|Any CPU.ActiveCfg = Release|Any CPU
		{8C18025B-96B9-E06B-75B1-68EF04BAA358}.Release|Any CPU.Build.0 = Release|Any CPU
		{2F6B3D3F-F553-4813-B403-98AC46001C48}.Debug|Any CPU.ActiveCfg = Debug|Any CPU
		{2F6B3D3F-F553-4813-B403-98AC46001C48}.Debug|Any CPU.Build.0 = Debug|Any CPU
		{2F6B3D3F-F553-4813-B403-98AC46001C48}.Release|Any CPU.ActiveCfg = Release|Any CPU
		{2F6B3D3F-F553-4813-B403-98AC46001C48}.Release|Any CPU.Build.0 = Release|Any CPU
		{9F6FE499-1562-E26D-7B6C-3055AF858611}.Debug|Any CPU.ActiveCfg = Debug|Any CPU
		{9F6FE499-1562-E26D-7B6C-3055AF858611}.Debug|Any CPU.Build.0 = Debug|Any CPU
		{9F6FE499-1562-E26D-7B6C-3055AF858611}.Release|Any CPU.ActiveCfg = Release|Any CPU
		{9F6FE499-1562-E26D-7B6C-3055AF858611}.Release|Any CPU.Build.0 = Release|Any CPU
	EndGlobalSection
	GlobalSection(SolutionProperties) = preSolution
		HideSolutionNode = FALSE
	EndGlobalSection
EndGlobal
